
Microsoft Visual Studio Solution File, Format Version 12.00
# Visual Studio Version 17
VisualStudioVersion = 17.9.34622.214
MinimumVisualStudioVersion = 10.0.40219.1
Project("{9A19103F-16F7-4668-BE54-9A1E7A4F7556}") = "using的陷阱", "CSharp语言的新特性\using的陷阱.csproj", "{7C8529E7-136B-49C9-970D-C341CA560B68}"
EndProject
Project("{2150E333-8FDC-42A3-9474-1A3956D46DE8}") = "CSharp语言的新特性", "CSharp语言的新特性", "{10F4AA62-AA66-420D-A001-5912F121EA79}"
EndProject
Project("{9A19103F-16F7-4668-BE54-9A1E7A4F7556}") = "using的声明新语法", "using的声明新语法\using的声明新语法.csproj", "{951547A8-1687-4867-84B6-E3C4A28DCC43}"
EndProject
Project("{9A19103F-16F7-4668-BE54-9A1E7A4F7556}") = "顶级语句", "顶级语句\顶级语句.csproj", "{BF28BEBA-F413-453F-9EA0-AB08E36B73BA}"
EndProject
Project("{9A19103F-16F7-4668-BE54-9A1E7A4F7556}") = "记录类型", "记录类型1\记录类型.csproj", "{66FF5B4D-4B27-49AD-9B01-F83328CC1401}"
EndProject
Project("{9A19103F-16F7-4668-BE54-9A1E7A4F7556}") = "简化的命名空间声明", "简化的命名空间声明\简化的命名空间声明.csproj", "{C452025D-DCF6-46DA-BAF8-FF81ECEF3024}"
EndProject
Project("{9A19103F-16F7-4668-BE54-9A1E7A4F7556}") = "旧的using释放资源", "旧的using释放资源\旧的using释放资源.csproj", "{3483B7BB-7F35-4A6D-899D-C9277AFCC062}"
EndProject
Project("{9A19103F-16F7-4668-BE54-9A1E7A4F7556}") = "可空引用类型", "可空引用类型\可空引用类型.csproj", "{A1AAF8BF-9F62-405B-9DAF-E1A9C5B65E5F}"
EndProject
Project("{2150E333-8FDC-42A3-9474-1A3956D46DE8}") = "异步编程", "异步编程", "{16D83FEF-0673-4CB2-8240-78DE30D52BD4}"
EndProject
Project("{9A19103F-16F7-4668-BE54-9A1E7A4F7556}") = "async背后的线程切换", "async背后的线程切换\async背后的线程切换.csproj", "{6A8B7BD4-9E26-4A96-803B-24E26C7F00AC}"
EndProject
Project("{9A19103F-16F7-4668-BE54-9A1E7A4F7556}") = "编写异步方法", "编写异步方法\编写异步方法.csproj", "{7DB00910-5A17-49DF-83C8-01CA9F757433}"
EndProject
Project("{9A19103F-16F7-4668-BE54-9A1E7A4F7556}") = "不用async的异步方法", "不用async的异步方法\不用async的异步方法.csproj", "{03A06BF6-58C0-4900-B231-A38F0A2C9BC0}"
EndProject
Project("{9A19103F-16F7-4668-BE54-9A1E7A4F7556}") = "同时等待多个Task", "同时等待多个Task\同时等待多个Task.csproj", "{981AECB6-EBBF-42B4-AF6E-F43E28281EAA}"
EndProject
Project("{9A19103F-16F7-4668-BE54-9A1E7A4F7556}") = "异步编程原理", "异步编程原理\异步编程原理.csproj", "{AEC4FC8B-2B88-46AE-ADB5-1C8BBA880DF0}"
EndProject
Project("{9A19103F-16F7-4668-BE54-9A1E7A4F7556}") = "异步的基本使用", "异步的基本使用\异步的基本使用.csproj", "{49ADE55F-DD49-4486-8B3D-F4196EE94398}"
EndProject
Project("{9A19103F-16F7-4668-BE54-9A1E7A4F7556}") = "异步的暂停", "异步的暂停\异步的暂停.csproj", "{5B56172E-FC9E-4FDE-8219-2ACA6ADA9509}"
EndProject
Project("{9A19103F-16F7-4668-BE54-9A1E7A4F7556}") = "异步方法不等于多线程", "异步方法不等于多线程\异步方法不等于多线程.csproj", "{948DFE2B-21FA-4F9F-913B-9FC7A96C2523}"
EndProject
Project("{2150E333-8FDC-42A3-9474-1A3956D46DE8}") = "LINQ", "LINQ", "{8AE9BFEA-AC80-4F78-9D16-3A6111205B9E}"
EndProject
Project("{FAE04EC0-301F-11D3-BF4B-00C04F79EFBC}") = "MyWhere的实现", "MyWhere的实现\MyWhere的实现.csproj", "{E3A7391A-E093-4558-9164-A2E16B96473E}"
EndProject
Project("{FAE04EC0-301F-11D3-BF4B-00C04F79EFBC}") = "常用集合扩展方法", "常用集合扩展方法\常用集合扩展方法.csproj", "{A5EF4C11-6D7F-4C35-80CA-98AB3B5B3382}"
EndProject
Project("{FAE04EC0-301F-11D3-BF4B-00C04F79EFBC}") = "委托的用法", "委托的用法\委托的用法.csproj", "{B10DB9E4-5F2F-47B5-992E-1DC00B9BC80A}"
EndProject
Global
	GlobalSection(SolutionConfigurationPlatforms) = preSolution
		Debug|Any CPU = Debug|Any CPU
		Release|Any CPU = Release|Any CPU
	EndGlobalSection
	GlobalSection(ProjectConfigurationPlatforms) = postSolution
		{7C8529E7-136B-49C9-970D-C341CA560B68}.Debug|Any CPU.ActiveCfg = Debug|Any CPU
		{7C8529E7-136B-49C9-970D-C341CA560B68}.Debug|Any CPU.Build.0 = Debug|Any CPU
		{7C8529E7-136B-49C9-970D-C341CA560B68}.Release|Any CPU.ActiveCfg = Release|Any CPU
		{7C8529E7-136B-49C9-970D-C341CA560B68}.Release|Any CPU.Build.0 = Release|Any CPU
		{951547A8-1687-4867-84B6-E3C4A28DCC43}.Debug|Any CPU.ActiveCfg = Debug|Any CPU
		{951547A8-1687-4867-84B6-E3C4A28DCC43}.Debug|Any CPU.Build.0 = Debug|Any CPU
		{951547A8-1687-4867-84B6-E3C4A28DCC43}.Release|Any CPU.ActiveCfg = Release|Any CPU
		{951547A8-1687-4867-84B6-E3C4A28DCC43}.Release|Any CPU.Build.0 = Release|Any CPU
		{BF28BEBA-F413-453F-9EA0-AB08E36B73BA}.Debug|Any CPU.ActiveCfg = Debug|Any CPU
		{BF28BEBA-F413-453F-9EA0-AB08E36B73BA}.Debug|Any CPU.Build.0 = Debug|Any CPU
		{BF28BEBA-F413-453F-9EA0-AB08E36B73BA}.Release|Any CPU.ActiveCfg = Release|Any CPU
		{BF28BEBA-F413-453F-9EA0-AB08E36B73BA}.Release|Any CPU.Build.0 = Release|Any CPU
		{66FF5B4D-4B27-49AD-9B01-F83328CC1401}.Debug|Any CPU.ActiveCfg = Debug|Any CPU
		{66FF5B4D-4B27-49AD-9B01-F83328CC1401}.Debug|Any CPU.Build.0 = Debug|Any CPU
		{66FF5B4D-4B27-49AD-9B01-F83328CC1401}.Release|Any CPU.ActiveCfg = Release|Any CPU
		{66FF5B4D-4B27-49AD-9B01-F83328CC1401}.Release|Any CPU.Build.0 = Release|Any CPU
		{C452025D-DCF6-46DA-BAF8-FF81ECEF3024}.Debug|Any CPU.ActiveCfg = Debug|Any CPU
		{C452025D-DCF6-46DA-BAF8-FF81ECEF3024}.Debug|Any CPU.Build.0 = Debug|Any CPU
		{C452025D-DCF6-46DA-BAF8-FF81ECEF3024}.Release|Any CPU.ActiveCfg = Release|Any CPU
		{C452025D-DCF6-46DA-BAF8-FF81ECEF3024}.Release|Any CPU.Build.0 = Release|Any CPU
		{3483B7BB-7F35-4A6D-899D-C9277AFCC062}.Debug|Any CPU.ActiveCfg = Debug|Any CPU
		{3483B7BB-7F35-4A6D-899D-C9277AFCC062}.Debug|Any CPU.Build.0 = Debug|Any CPU
		{3483B7BB-7F35-4A6D-899D-C9277AFCC062}.Release|Any CPU.ActiveCfg = Release|Any CPU
		{3483B7BB-7F35-4A6D-899D-C9277AFCC062}.Release|Any CPU.Build.0 = Release|Any CPU
		{A1AAF8BF-9F62-405B-9DAF-E1A9C5B65E5F}.Debug|Any CPU.ActiveCfg = Debug|Any CPU
		{A1AAF8BF-9F62-405B-9DAF-E1A9C5B65E5F}.Debug|Any CPU.Build.0 = Debug|Any CPU
		{A1AAF8BF-9F62-405B-9DAF-E1A9C5B65E5F}.Release|Any CPU.ActiveCfg = Release|Any CPU
		{A1AAF8BF-9F62-405B-9DAF-E1A9C5B65E5F}.Release|Any CPU.Build.0 = Release|Any CPU
		{6A8B7BD4-9E26-4A96-803B-24E26C7F00AC}.Debug|Any CPU.ActiveCfg = Debug|Any CPU
		{6A8B7BD4-9E26-4A96-803B-24E26C7F00AC}.Debug|Any CPU.Build.0 = Debug|Any CPU
		{6A8B7BD4-9E26-4A96-803B-24E26C7F00AC}.Release|Any CPU.ActiveCfg = Release|Any CPU
		{6A8B7BD4-9E26-4A96-803B-24E26C7F00AC}.Release|Any CPU.Build.0 = Release|Any CPU
		{7DB00910-5A17-49DF-83C8-01CA9F757433}.Debug|Any CPU.ActiveCfg = Debug|Any CPU
		{7DB00910-5A17-49DF-83C8-01CA9F757433}.Debug|Any CPU.Build.0 = Debug|Any CPU
		{7DB00910-5A17-49DF-83C8-01CA9F757433}.Release|Any CPU.ActiveCfg = Release|Any CPU
		{7DB00910-5A17-49DF-83C8-01CA9F757433}.Release|Any CPU.Build.0 = Release|Any CPU
		{03A06BF6-58C0-4900-B231-A38F0A2C9BC0}.Debug|Any CPU.ActiveCfg = Debug|Any CPU
		{03A06BF6-58C0-4900-B231-A38F0A2C9BC0}.Debug|Any CPU.Build.0 = Debug|Any CPU
		{03A06BF6-58C0-4900-B231-A38F0A2C9BC0}.Release|Any CPU.ActiveCfg = Release|Any CPU
		{03A06BF6-58C0-4900-B231-A38F0A2C9BC0}.Release|Any CPU.Build.0 = Release|Any CPU
		{981AECB6-EBBF-42B4-AF6E-F43E28281EAA}.Debug|Any CPU.ActiveCfg = Debug|Any CPU
		{981AECB6-EBBF-42B4-AF6E-F43E28281EAA}.Debug|Any CPU.Build.0 = Debug|Any CPU
		{981AECB6-EBBF-42B4-AF6E-F43E28281EAA}.Release|Any CPU.ActiveCfg = Release|Any CPU
		{981AECB6-EBBF-42B4-AF6E-F43E28281EAA}.Release|Any CPU.Build.0 = Release|Any CPU
		{AEC4FC8B-2B88-46AE-ADB5-1C8BBA880DF0}.Debug|Any CPU.ActiveCfg = Debug|Any CPU
		{AEC4FC8B-2B88-46AE-ADB5-1C8BBA880DF0}.Debug|Any CPU.Build.0 = Debug|Any CPU
		{AEC4FC8B-2B88-46AE-ADB5-1C8BBA880DF0}.Release|Any CPU.ActiveCfg = Release|Any CPU
		{AEC4FC8B-2B88-46AE-ADB5-1C8BBA880DF0}.Release|Any CPU.Build.0 = Release|Any CPU
		{49ADE55F-DD49-4486-8B3D-F4196EE94398}.Debug|Any CPU.ActiveCfg = Debug|Any CPU
		{49ADE55F-DD49-4486-8B3D-F4196EE94398}.Debug|Any CPU.Build.0 = Debug|Any CPU
		{49ADE55F-DD49-4486-8B3D-F4196EE94398}.Release|Any CPU.ActiveCfg = Release|Any CPU
		{49ADE55F-DD49-4486-8B3D-F4196EE94398}.Release|Any CPU.Build.0 = Release|Any CPU
		{5B56172E-FC9E-4FDE-8219-2ACA6ADA9509}.Debug|Any CPU.ActiveCfg = Debug|Any CPU
		{5B56172E-FC9E-4FDE-8219-2ACA6ADA9509}.Debug|Any CPU.Build.0 = Debug|Any CPU
		{5B56172E-FC9E-4FDE-8219-2ACA6ADA9509}.Release|Any CPU.ActiveCfg = Release|Any CPU
		{5B56172E-FC9E-4FDE-8219-2ACA6ADA9509}.Release|Any CPU.Build.0 = Release|Any CPU
		{948DFE2B-21FA-4F9F-913B-9FC7A96C2523}.Debug|Any CPU.ActiveCfg = Debug|Any CPU
		{948DFE2B-21FA-4F9F-913B-9FC7A96C2523}.Debug|Any CPU.Build.0 = Debug|Any CPU
		{948DFE2B-21FA-4F9F-913B-9FC7A96C2523}.Release|Any CPU.ActiveCfg = Release|Any CPU
		{948DFE2B-21FA-4F9F-913B-9FC7A96C2523}.Release|Any CPU.Build.0 = Release|Any CPU
		{E3A7391A-E093-4558-9164-A2E16B96473E}.Debug|Any CPU.ActiveCfg = Debug|Any CPU
		{E3A7391A-E093-4558-9164-A2E16B96473E}.Debug|Any CPU.Build.0 = Debug|Any CPU
		{E3A7391A-E093-4558-9164-A2E16B96473E}.Release|Any CPU.ActiveCfg = Release|Any CPU
		{E3A7391A-E093-4558-9164-A2E16B96473E}.Release|Any CPU.Build.0 = Release|Any CPU
		{A5EF4C11-6D7F-4C35-80CA-98AB3B5B3382}.Debug|Any CPU.ActiveCfg = Debug|Any CPU
		{A5EF4C11-6D7F-4C35-80CA-98AB3B5B3382}.Debug|Any CPU.Build.0 = Debug|Any CPU
		{A5EF4C11-6D7F-4C35-80CA-98AB3B5B3382}.Release|Any CPU.ActiveCfg = Release|Any CPU
		{A5EF4C11-6D7F-4C35-80CA-98AB3B5B3382}.Release|Any CPU.Build.0 = Release|Any CPU
		{B10DB9E4-5F2F-47B5-992E-1DC00B9BC80A}.Debug|Any CPU.ActiveCfg = Debug|Any CPU
		{B10DB9E4-5F2F-47B5-992E-1DC00B9BC80A}.Debug|Any CPU.Build.0 = Debug|Any CPU
		{B10DB9E4-5F2F-47B5-992E-1DC00B9BC80A}.Release|Any CPU.ActiveCfg = Release|Any CPU
		{B10DB9E4-5F2F-47B5-992E-1DC00B9BC80A}.Release|Any CPU.Build.0 = Release|Any CPU
	EndGlobalSection
	GlobalSection(SolutionProperties) = preSolution
		HideSolutionNode = FALSE
	EndGlobalSection
	GlobalSection(NestedProjects) = preSolution
		{7C8529E7-136B-49C9-970D-C341CA560B68} = {10F4AA62-AA66-420D-A001-5912F121EA79}
		{951547A8-1687-4867-84B6-E3C4A28DCC43} = {10F4AA62-AA66-420D-A001-5912F121EA79}
		{BF28BEBA-F413-453F-9EA0-AB08E36B73BA} = {10F4AA62-AA66-420D-A001-5912F121EA79}
		{66FF5B4D-4B27-49AD-9B01-F83328CC1401} = {10F4AA62-AA66-420D-A001-5912F121EA79}
		{C452025D-DCF6-46DA-BAF8-FF81ECEF3024} = {10F4AA62-AA66-420D-A001-5912F121EA79}
		{3483B7BB-7F35-4A6D-899D-C9277AFCC062} = {10F4AA62-AA66-420D-A001-5912F121EA79}
		{A1AAF8BF-9F62-405B-9DAF-E1A9C5B65E5F} = {10F4AA62-AA66-420D-A001-5912F121EA79}
		{6A8B7BD4-9E26-4A96-803B-24E26C7F00AC} = {16D83FEF-0673-4CB2-8240-78DE30D52BD4}
		{7DB00910-5A17-49DF-83C8-01CA9F757433} = {16D83FEF-0673-4CB2-8240-78DE30D52BD4}
		{03A06BF6-58C0-4900-B231-A38F0A2C9BC0} = {16D83FEF-0673-4CB2-8240-78DE30D52BD4}
		{981AECB6-EBBF-42B4-AF6E-F43E28281EAA} = {16D83FEF-0673-4CB2-8240-78DE30D52BD4}
		{AEC4FC8B-2B88-46AE-ADB5-1C8BBA880DF0} = {16D83FEF-0673-4CB2-8240-78DE30D52BD4}
		{49ADE55F-DD49-4486-8B3D-F4196EE94398} = {16D83FEF-0673-4CB2-8240-78DE30D52BD4}
		{5B56172E-FC9E-4FDE-8219-2ACA6ADA9509} = {16D83FEF-0673-4CB2-8240-78DE30D52BD4}
		{948DFE2B-21FA-4F9F-913B-9FC7A96C2523} = {16D83FEF-0673-4CB2-8240-78DE30D52BD4}
		{E3A7391A-E093-4558-9164-A2E16B96473E} = {8AE9BFEA-AC80-4F78-9D16-3A6111205B9E}
		{A5EF4C11-6D7F-4C35-80CA-98AB3B5B3382} = {8AE9BFEA-AC80-4F78-9D16-3A6111205B9E}
		{B10DB9E4-5F2F-47B5-992E-1DC00B9BC80A} = {8AE9BFEA-AC80-4F78-9D16-3A6111205B9E}
	EndGlobalSection
	GlobalSection(ExtensibilityGlobals) = postSolution
		SolutionGuid = {52065DC5-FE6A-40C5-A5CE-03074A6B6776}
	EndGlobalSection
EndGlobal
