
Microsoft Visual Studio Solution File, Format Version 12.00
# Visual Studio Version 17
VisualStudioVersion = 17.9.34622.214
MinimumVisualStudioVersion = 10.0.40219.1
Project("{2150E333-8FDC-42A3-9474-1A3956D46DE8}") = "Authentication与Authorization", "Authentication与Authorization", "{87344FA1-98E9-4304-A238-9D82C198263B}"
EndProject
Project("{9A19103F-16F7-4668-BE54-9A1E7A4F7556}") = "Identity标识框架", "Identity标识框架\Identity标识框架.csproj", "{8C29545A-B723-4987-AE14-4F92D42007C9}"
EndProject
Project("{9A19103F-16F7-4668-BE54-9A1E7A4F7556}") = "生成JWT令牌", "生成JWT令牌\生成JWT令牌.csproj", "{E3CAE3B7-1868-42B3-845B-C8475968287D}"
EndProject
Project("{9A19103F-16F7-4668-BE54-9A1E7A4F7556}") = "解码JWT令牌", "解码JWT令牌\解码JWT令牌.csproj", "{18C53986-1A7E-40B3-B4BD-35A637A86E0E}"
EndProject
Project("{9A19103F-16F7-4668-BE54-9A1E7A4F7556}") = "ASPNETCore_JWT", "ASPNETCore_JWT\ASPNETCore_JWT.csproj", "{D396CF89-5850-4A98-8FF6-B9C1D3279FC4}"
EndProject
Project("{2150E333-8FDC-42A3-9474-1A3956D46DE8}") = "托管服务", "托管服务", "{680F32BC-27E4-4C20-8298-0F4CC7625653}"
EndProject
Project("{9A19103F-16F7-4668-BE54-9A1E7A4F7556}") = "托管服务", "托管服务\托管服务.csproj", "{8BAC6583-D253-4557-85F7-70501234039C}"
EndProject
Project("{9A19103F-16F7-4668-BE54-9A1E7A4F7556}") = "常驻后台的数据导出服务", "常驻后台的数据导出服务\常驻后台的数据导出服务.csproj", "{921B33EE-12CC-4FB6-96CC-C4059E164EA4}"
EndProject
Project("{2150E333-8FDC-42A3-9474-1A3956D46DE8}") = "数据校验", "数据校验", "{808031C8-3273-4336-BE04-08798812F77E}"
EndProject
Project("{FAE04EC0-301F-11D3-BF4B-00C04F79EFBC}") = "内置数据校验", "内置数据校验\内置数据校验.csproj", "{867A5D87-335F-4E62-87E1-0305230E8325}"
EndProject
Project("{FAE04EC0-301F-11D3-BF4B-00C04F79EFBC}") = "FluentValidation的基本使用", "FluentValidation的基本使用\FluentValidation的基本使用.csproj", "{276FC385-A044-43E6-B531-960ACEA59688}"
EndProject
Project("{FAE04EC0-301F-11D3-BF4B-00C04F79EFBC}") = "FluentValidation中注入服务", "FluentValidation中注入服务\FluentValidation中注入服务.csproj", "{AFBDD226-C446-459B-8D1F-09CC8C88E642}"
EndProject
Project("{2150E333-8FDC-42A3-9474-1A3956D46DE8}") = "SignalR", "SignalR", "{9679BAD2-78E1-4082-B76C-A059A9495C7B}"
EndProject
Project("{FAE04EC0-301F-11D3-BF4B-00C04F79EFBC}") = "SignalR的基本使用", "SignalR的基本使用\SignalR的基本使用.csproj", "{BDE24595-CBCE-44AA-8DC3-D77D8995562B}"
EndProject
Global
	GlobalSection(SolutionConfigurationPlatforms) = preSolution
		Debug|Any CPU = Debug|Any CPU
		Release|Any CPU = Release|Any CPU
	EndGlobalSection
	GlobalSection(ProjectConfigurationPlatforms) = postSolution
		{8C29545A-B723-4987-AE14-4F92D42007C9}.Debug|Any CPU.ActiveCfg = Debug|Any CPU
		{8C29545A-B723-4987-AE14-4F92D42007C9}.Debug|Any CPU.Build.0 = Debug|Any CPU
		{8C29545A-B723-4987-AE14-4F92D42007C9}.Release|Any CPU.ActiveCfg = Release|Any CPU
		{8C29545A-B723-4987-AE14-4F92D42007C9}.Release|Any CPU.Build.0 = Release|Any CPU
		{E3CAE3B7-1868-42B3-845B-C8475968287D}.Debug|Any CPU.ActiveCfg = Debug|Any CPU
		{E3CAE3B7-1868-42B3-845B-C8475968287D}.Debug|Any CPU.Build.0 = Debug|Any CPU
		{E3CAE3B7-1868-42B3-845B-C8475968287D}.Release|Any CPU.ActiveCfg = Release|Any CPU
		{E3CAE3B7-1868-42B3-845B-C8475968287D}.Release|Any CPU.Build.0 = Release|Any CPU
		{18C53986-1A7E-40B3-B4BD-35A637A86E0E}.Debug|Any CPU.ActiveCfg = Debug|Any CPU
		{18C53986-1A7E-40B3-B4BD-35A637A86E0E}.Debug|Any CPU.Build.0 = Debug|Any CPU
		{18C53986-1A7E-40B3-B4BD-35A637A86E0E}.Release|Any CPU.ActiveCfg = Release|Any CPU
		{18C53986-1A7E-40B3-B4BD-35A637A86E0E}.Release|Any CPU.Build.0 = Release|Any CPU
		{D396CF89-5850-4A98-8FF6-B9C1D3279FC4}.Debug|Any CPU.ActiveCfg = Debug|Any CPU
		{D396CF89-5850-4A98-8FF6-B9C1D3279FC4}.Debug|Any CPU.Build.0 = Debug|Any CPU
		{D396CF89-5850-4A98-8FF6-B9C1D3279FC4}.Release|Any CPU.ActiveCfg = Release|Any CPU
		{D396CF89-5850-4A98-8FF6-B9C1D3279FC4}.Release|Any CPU.Build.0 = Release|Any CPU
		{8BAC6583-D253-4557-85F7-70501234039C}.Debug|Any CPU.ActiveCfg = Debug|Any CPU
		{8BAC6583-D253-4557-85F7-70501234039C}.Debug|Any CPU.Build.0 = Debug|Any CPU
		{8BAC6583-D253-4557-85F7-70501234039C}.Release|Any CPU.ActiveCfg = Release|Any CPU
		{8BAC6583-D253-4557-85F7-70501234039C}.Release|Any CPU.Build.0 = Release|Any CPU
		{921B33EE-12CC-4FB6-96CC-C4059E164EA4}.Debug|Any CPU.ActiveCfg = Debug|Any CPU
		{921B33EE-12CC-4FB6-96CC-C4059E164EA4}.Debug|Any CPU.Build.0 = Debug|Any CPU
		{921B33EE-12CC-4FB6-96CC-C4059E164EA4}.Release|Any CPU.ActiveCfg = Release|Any CPU
		{921B33EE-12CC-4FB6-96CC-C4059E164EA4}.Release|Any CPU.Build.0 = Release|Any CPU
		{867A5D87-335F-4E62-87E1-0305230E8325}.Debug|Any CPU.ActiveCfg = Debug|Any CPU
		{867A5D87-335F-4E62-87E1-0305230E8325}.Debug|Any CPU.Build.0 = Debug|Any CPU
		{867A5D87-335F-4E62-87E1-0305230E8325}.Release|Any CPU.ActiveCfg = Release|Any CPU
		{867A5D87-335F-4E62-87E1-0305230E8325}.Release|Any CPU.Build.0 = Release|Any CPU
		{276FC385-A044-43E6-B531-960ACEA59688}.Debug|Any CPU.ActiveCfg = Debug|Any CPU
		{276FC385-A044-43E6-B531-960ACEA59688}.Debug|Any CPU.Build.0 = Debug|Any CPU
		{276FC385-A044-43E6-B531-960ACEA59688}.Release|Any CPU.ActiveCfg = Release|Any CPU
		{276FC385-A044-43E6-B531-960ACEA59688}.Release|Any CPU.Build.0 = Release|Any CPU
		{AFBDD226-C446-459B-8D1F-09CC8C88E642}.Debug|Any CPU.ActiveCfg = Debug|Any CPU
		{AFBDD226-C446-459B-8D1F-09CC8C88E642}.Debug|Any CPU.Build.0 = Debug|Any CPU
		{AFBDD226-C446-459B-8D1F-09CC8C88E642}.Release|Any CPU.ActiveCfg = Release|Any CPU
		{AFBDD226-C446-459B-8D1F-09CC8C88E642}.Release|Any CPU.Build.0 = Release|Any CPU
		{BDE24595-CBCE-44AA-8DC3-D77D8995562B}.Debug|Any CPU.ActiveCfg = Debug|Any CPU
		{BDE24595-CBCE-44AA-8DC3-D77D8995562B}.Debug|Any CPU.Build.0 = Debug|Any CPU
		{BDE24595-CBCE-44AA-8DC3-D77D8995562B}.Release|Any CPU.ActiveCfg = Release|Any CPU
		{BDE24595-CBCE-44AA-8DC3-D77D8995562B}.Release|Any CPU.Build.0 = Release|Any CPU
	EndGlobalSection
	GlobalSection(SolutionProperties) = preSolution
		HideSolutionNode = FALSE
	EndGlobalSection
	GlobalSection(NestedProjects) = preSolution
		{8C29545A-B723-4987-AE14-4F92D42007C9} = {87344FA1-98E9-4304-A238-9D82C198263B}
		{E3CAE3B7-1868-42B3-845B-C8475968287D} = {87344FA1-98E9-4304-A238-9D82C198263B}
		{18C53986-1A7E-40B3-B4BD-35A637A86E0E} = {87344FA1-98E9-4304-A238-9D82C198263B}
		{D396CF89-5850-4A98-8FF6-B9C1D3279FC4} = {87344FA1-98E9-4304-A238-9D82C198263B}
		{8BAC6583-D253-4557-85F7-70501234039C} = {680F32BC-27E4-4C20-8298-0F4CC7625653}
		{921B33EE-12CC-4FB6-96CC-C4059E164EA4} = {680F32BC-27E4-4C20-8298-0F4CC7625653}
		{867A5D87-335F-4E62-87E1-0305230E8325} = {808031C8-3273-4336-BE04-08798812F77E}
		{276FC385-A044-43E6-B531-960ACEA59688} = {808031C8-3273-4336-BE04-08798812F77E}
		{AFBDD226-C446-459B-8D1F-09CC8C88E642} = {808031C8-3273-4336-BE04-08798812F77E}
		{BDE24595-CBCE-44AA-8DC3-D77D8995562B} = {9679BAD2-78E1-4082-B76C-A059A9495C7B}
	EndGlobalSection
	GlobalSection(ExtensibilityGlobals) = postSolution
		SolutionGuid = {1FB368EB-F53D-4829-9268-D6AC3233DBB9}
	EndGlobalSection
EndGlobal
