
Microsoft Visual Studio Solution File, Format Version 12.00
# Visual Studio Version 17
VisualStudioVersion = 17.9.34622.214
MinimumVisualStudioVersion = 10.0.40219.1
Project("{9A19103F-16F7-4668-BE54-9A1E7A4F7556}") = "DI魅力渐显_依赖注入", "DI魅力渐显_依赖注入\DI魅力渐显_依赖注入.csproj", "{A6575083-710D-4A35-8188-1225568E17AD}"
EndProject
Project("{9A19103F-16F7-4668-BE54-9A1E7A4F7556}") = "依赖注入的基本使用", "依赖注入的基本使用\依赖注入的基本使用.csproj", "{94B1C9E0-7222-4624-810A-84DB882FAD88}"
EndProject
Project("{2150E333-8FDC-42A3-9474-1A3956D46DE8}") = "依赖注入", "依赖注入", "{BC3B42B8-8A82-4AC3-B48A-3C61C555E1EA}"
EndProject
Project("{2150E333-8FDC-42A3-9474-1A3956D46DE8}") = "日志", "日志", "{D84DB9D9-992D-47E8-9053-8038C1C8C376}"
EndProject
Project("{2150E333-8FDC-42A3-9474-1A3956D46DE8}") = "配置系统", "配置系统", "{2F07F37B-1144-4A5E-ACA4-F627FFD58D47}"
EndProject
Project("{9A19103F-16F7-4668-BE54-9A1E7A4F7556}") = "配置系统的基本使用", "配置系统的基本使用\配置系统的基本使用.csproj", "{A481BEE6-3F24-43E4-A78F-9A2CB4D2062C}"
EndProject
Project("{9A19103F-16F7-4668-BE54-9A1E7A4F7556}") = "选项方式读取配置", "选项方式读取配置\选项方式读取配置.csproj", "{6B9886F1-7079-40F8-8BCB-CCB4D9628165}"
EndProject
Project("{9A19103F-16F7-4668-BE54-9A1E7A4F7556}") = "从命令行读取配置", "从命令行读取配置\从命令行读取配置.csproj", "{452A5EFC-43DA-4AB6-BE4F-30F730B1A951}"
EndProject
Project("{9A19103F-16F7-4668-BE54-9A1E7A4F7556}") = "从环境变量读取配置", "从环境变量读取配置\从环境变量读取配置.csproj", "{454F036C-38AA-499D-8B4D-5B49CA65830B}"
EndProject
Project("{FAE04EC0-301F-11D3-BF4B-00C04F79EFBC}") = "多配置源", "多配置源\多配置源.csproj", "{43B89EC7-ADAF-4D94-AE12-813161751E2F}"
EndProject
Project("{FAE04EC0-301F-11D3-BF4B-00C04F79EFBC}") = "简单的日志程序", "简单的日志程序\简单的日志程序.csproj", "{427FE8E5-B9CC-4606-B013-AD947371B46A}"
EndProject
Project("{FAE04EC0-301F-11D3-BF4B-00C04F79EFBC}") = "NLog日志组件", "NLog日志组件\NLog日志组件.csproj", "{01789CB1-09CD-44C0-B779-9741CB43225D}"
EndProject
Global
	GlobalSection(SolutionConfigurationPlatforms) = preSolution
		Debug|Any CPU = Debug|Any CPU
		Release|Any CPU = Release|Any CPU
	EndGlobalSection
	GlobalSection(ProjectConfigurationPlatforms) = postSolution
		{A6575083-710D-4A35-8188-1225568E17AD}.Debug|Any CPU.ActiveCfg = Debug|Any CPU
		{A6575083-710D-4A35-8188-1225568E17AD}.Debug|Any CPU.Build.0 = Debug|Any CPU
		{A6575083-710D-4A35-8188-1225568E17AD}.Release|Any CPU.ActiveCfg = Release|Any CPU
		{A6575083-710D-4A35-8188-1225568E17AD}.Release|Any CPU.Build.0 = Release|Any CPU
		{94B1C9E0-7222-4624-810A-84DB882FAD88}.Debug|Any CPU.ActiveCfg = Debug|Any CPU
		{94B1C9E0-7222-4624-810A-84DB882FAD88}.Debug|Any CPU.Build.0 = Debug|Any CPU
		{94B1C9E0-7222-4624-810A-84DB882FAD88}.Release|Any CPU.ActiveCfg = Release|Any CPU
		{94B1C9E0-7222-4624-810A-84DB882FAD88}.Release|Any CPU.Build.0 = Release|Any CPU
		{A481BEE6-3F24-43E4-A78F-9A2CB4D2062C}.Debug|Any CPU.ActiveCfg = Debug|Any CPU
		{A481BEE6-3F24-43E4-A78F-9A2CB4D2062C}.Debug|Any CPU.Build.0 = Debug|Any CPU
		{A481BEE6-3F24-43E4-A78F-9A2CB4D2062C}.Release|Any CPU.ActiveCfg = Release|Any CPU
		{A481BEE6-3F24-43E4-A78F-9A2CB4D2062C}.Release|Any CPU.Build.0 = Release|Any CPU
		{6B9886F1-7079-40F8-8BCB-CCB4D9628165}.Debug|Any CPU.ActiveCfg = Debug|Any CPU
		{6B9886F1-7079-40F8-8BCB-CCB4D9628165}.Debug|Any CPU.Build.0 = Debug|Any CPU
		{6B9886F1-7079-40F8-8BCB-CCB4D9628165}.Release|Any CPU.ActiveCfg = Release|Any CPU
		{6B9886F1-7079-40F8-8BCB-CCB4D9628165}.Release|Any CPU.Build.0 = Release|Any CPU
		{452A5EFC-43DA-4AB6-BE4F-30F730B1A951}.Debug|Any CPU.ActiveCfg = Debug|Any CPU
		{452A5EFC-43DA-4AB6-BE4F-30F730B1A951}.Debug|Any CPU.Build.0 = Debug|Any CPU
		{452A5EFC-43DA-4AB6-BE4F-30F730B1A951}.Release|Any CPU.ActiveCfg = Release|Any CPU
		{452A5EFC-43DA-4AB6-BE4F-30F730B1A951}.Release|Any CPU.Build.0 = Release|Any CPU
		{454F036C-38AA-499D-8B4D-5B49CA65830B}.Debug|Any CPU.ActiveCfg = Debug|Any CPU
		{454F036C-38AA-499D-8B4D-5B49CA65830B}.Debug|Any CPU.Build.0 = Debug|Any CPU
		{454F036C-38AA-499D-8B4D-5B49CA65830B}.Release|Any CPU.ActiveCfg = Release|Any CPU
		{454F036C-38AA-499D-8B4D-5B49CA65830B}.Release|Any CPU.Build.0 = Release|Any CPU
		{43B89EC7-ADAF-4D94-AE12-813161751E2F}.Debug|Any CPU.ActiveCfg = Debug|Any CPU
		{43B89EC7-ADAF-4D94-AE12-813161751E2F}.Debug|Any CPU.Build.0 = Debug|Any CPU
		{43B89EC7-ADAF-4D94-AE12-813161751E2F}.Release|Any CPU.ActiveCfg = Release|Any CPU
		{43B89EC7-ADAF-4D94-AE12-813161751E2F}.Release|Any CPU.Build.0 = Release|Any CPU
		{427FE8E5-B9CC-4606-B013-AD947371B46A}.Debug|Any CPU.ActiveCfg = Debug|Any CPU
		{427FE8E5-B9CC-4606-B013-AD947371B46A}.Debug|Any CPU.Build.0 = Debug|Any CPU
		{427FE8E5-B9CC-4606-B013-AD947371B46A}.Release|Any CPU.ActiveCfg = Release|Any CPU
		{427FE8E5-B9CC-4606-B013-AD947371B46A}.Release|Any CPU.Build.0 = Release|Any CPU
		{01789CB1-09CD-44C0-B779-9741CB43225D}.Debug|Any CPU.ActiveCfg = Debug|Any CPU
		{01789CB1-09CD-44C0-B779-9741CB43225D}.Debug|Any CPU.Build.0 = Debug|Any CPU
		{01789CB1-09CD-44C0-B779-9741CB43225D}.Release|Any CPU.ActiveCfg = Release|Any CPU
		{01789CB1-09CD-44C0-B779-9741CB43225D}.Release|Any CPU.Build.0 = Release|Any CPU
	EndGlobalSection
	GlobalSection(SolutionProperties) = preSolution
		HideSolutionNode = FALSE
	EndGlobalSection
	GlobalSection(NestedProjects) = preSolution
		{A6575083-710D-4A35-8188-1225568E17AD} = {BC3B42B8-8A82-4AC3-B48A-3C61C555E1EA}
		{94B1C9E0-7222-4624-810A-84DB882FAD88} = {BC3B42B8-8A82-4AC3-B48A-3C61C555E1EA}
		{A481BEE6-3F24-43E4-A78F-9A2CB4D2062C} = {2F07F37B-1144-4A5E-ACA4-F627FFD58D47}
		{6B9886F1-7079-40F8-8BCB-CCB4D9628165} = {2F07F37B-1144-4A5E-ACA4-F627FFD58D47}
		{452A5EFC-43DA-4AB6-BE4F-30F730B1A951} = {2F07F37B-1144-4A5E-ACA4-F627FFD58D47}
		{454F036C-38AA-499D-8B4D-5B49CA65830B} = {2F07F37B-1144-4A5E-ACA4-F627FFD58D47}
		{43B89EC7-ADAF-4D94-AE12-813161751E2F} = {2F07F37B-1144-4A5E-ACA4-F627FFD58D47}
		{427FE8E5-B9CC-4606-B013-AD947371B46A} = {D84DB9D9-992D-47E8-9053-8038C1C8C376}
		{01789CB1-09CD-44C0-B779-9741CB43225D} = {D84DB9D9-992D-47E8-9053-8038C1C8C376}
	EndGlobalSection
	GlobalSection(ExtensibilityGlobals) = postSolution
		SolutionGuid = {1AA8B480-1E30-4EE0-AF79-25ABCF0B2B04}
	EndGlobalSection
EndGlobal
