
Microsoft Visual Studio Solution File, Format Version 12.00
# Visual Studio Version 17
VisualStudioVersion = 17.9.34622.214
MinimumVisualStudioVersion = 10.0.40219.1
Project("{9A19103F-16F7-4668-BE54-9A1E7A4F7556}") = "充血模型", "充血模型\充血模型.csproj", "{F6C0E931-96D7-4800-A91E-4E5823A39FF3}"
EndProject
Project("{9A19103F-16F7-4668-BE54-9A1E7A4F7556}") = "EFCore对实体属性操作的秘密", "EFCore对实体属性操作的秘密\EFCore对实体属性操作的秘密.csproj", "{7D1612F5-E348-4A22-B163-D13910273896}"
EndProject
Project("{FAE04EC0-301F-11D3-BF4B-00C04F79EFBC}") = "EFCore中实现充血模型", "EFCore中实现充血模型\EFCore中实现充血模型.csproj", "{507567F4-FFA5-42B5-AE08-308D5116B69A}"
EndProject
Project("{FAE04EC0-301F-11D3-BF4B-00C04F79EFBC}") = "EFCore中实现值对象", "EFCore中实现值对象\EFCore中实现值对象.csproj", "{2ADBBDAC-EBE2-4808-A8AE-E99AEE7EE2C6}"
EndProject
Project("{FAE04EC0-301F-11D3-BF4B-00C04F79EFBC}") = "用MediatR实现领域事件", "用MediatR实现领域事件\用MediatR实现领域事件.csproj", "{A2ECCC0A-19AF-47CD-A23D-CFD6E26F30CC}"
EndProject
Global
	GlobalSection(SolutionConfigurationPlatforms) = preSolution
		Debug|Any CPU = Debug|Any CPU
		Release|Any CPU = Release|Any CPU
	EndGlobalSection
	GlobalSection(ProjectConfigurationPlatforms) = postSolution
		{F6C0E931-96D7-4800-A91E-4E5823A39FF3}.Debug|Any CPU.ActiveCfg = Debug|Any CPU
		{F6C0E931-96D7-4800-A91E-4E5823A39FF3}.Debug|Any CPU.Build.0 = Debug|Any CPU
		{F6C0E931-96D7-4800-A91E-4E5823A39FF3}.Release|Any CPU.ActiveCfg = Release|Any CPU
		{F6C0E931-96D7-4800-A91E-4E5823A39FF3}.Release|Any CPU.Build.0 = Release|Any CPU
		{7D1612F5-E348-4A22-B163-D13910273896}.Debug|Any CPU.ActiveCfg = Debug|Any CPU
		{7D1612F5-E348-4A22-B163-D13910273896}.Debug|Any CPU.Build.0 = Debug|Any CPU
		{7D1612F5-E348-4A22-B163-D13910273896}.Release|Any CPU.ActiveCfg = Release|Any CPU
		{7D1612F5-E348-4A22-B163-D13910273896}.Release|Any CPU.Build.0 = Release|Any CPU
		{507567F4-FFA5-42B5-AE08-308D5116B69A}.Debug|Any CPU.ActiveCfg = Debug|Any CPU
		{507567F4-FFA5-42B5-AE08-308D5116B69A}.Debug|Any CPU.Build.0 = Debug|Any CPU
		{507567F4-FFA5-42B5-AE08-308D5116B69A}.Release|Any CPU.ActiveCfg = Release|Any CPU
		{507567F4-FFA5-42B5-AE08-308D5116B69A}.Release|Any CPU.Build.0 = Release|Any CPU
		{2ADBBDAC-EBE2-4808-A8AE-E99AEE7EE2C6}.Debug|Any CPU.ActiveCfg = Debug|Any CPU
		{2ADBBDAC-EBE2-4808-A8AE-E99AEE7EE2C6}.Debug|Any CPU.Build.0 = Debug|Any CPU
		{2ADBBDAC-EBE2-4808-A8AE-E99AEE7EE2C6}.Release|Any CPU.ActiveCfg = Release|Any CPU
		{2ADBBDAC-EBE2-4808-A8AE-E99AEE7EE2C6}.Release|Any CPU.Build.0 = Release|Any CPU
		{A2ECCC0A-19AF-47CD-A23D-CFD6E26F30CC}.Debug|Any CPU.ActiveCfg = Debug|Any CPU
		{A2ECCC0A-19AF-47CD-A23D-CFD6E26F30CC}.Debug|Any CPU.Build.0 = Debug|Any CPU
		{A2ECCC0A-19AF-47CD-A23D-CFD6E26F30CC}.Release|Any CPU.ActiveCfg = Release|Any CPU
		{A2ECCC0A-19AF-47CD-A23D-CFD6E26F30CC}.Release|Any CPU.Build.0 = Release|Any CPU
	EndGlobalSection
	GlobalSection(SolutionProperties) = preSolution
		HideSolutionNode = FALSE
	EndGlobalSection
	GlobalSection(ExtensibilityGlobals) = postSolution
		SolutionGuid = {F5EE4E79-EC3C-4C76-9AEF-DC3D86F1C075}
	EndGlobalSection
EndGlobal
