
Microsoft Visual Studio Solution File, Format Version 12.00
# Visual Studio Version 17
VisualStudioVersion = 17.9.34622.214
MinimumVisualStudioVersion = 10.0.40219.1
Project("{9A19103F-16F7-4668-BE54-9A1E7A4F7556}") = "服务注入", "服务注入\服务注入.csproj", "{33C79633-3F47-4525-AB6A-E471E1B3462D}"
EndProject
Project("{2150E333-8FDC-42A3-9474-1A3956D46DE8}") = "服务注入", "服务注入", "{E9C808C1-918D-4298-8789-FA337EA6ACF7}"
EndProject
Project("{9A19103F-16F7-4668-BE54-9A1E7A4F7556}") = "School", "School\School.csproj", "{2CEC9049-97F2-4090-B36F-74070CEDB8C2}"
EndProject
Project("{9A19103F-16F7-4668-BE54-9A1E7A4F7556}") = "Hispital", "Hispital\Hispital.csproj", "{DBE314A9-2459-4EAB-AF38-1D626B8BDF50}"
EndProject
Project("{2150E333-8FDC-42A3-9474-1A3956D46DE8}") = "缓存", "缓存", "{24F328E1-2458-4B3B-8560-F17CEB42E754}"
EndProject
Project("{9A19103F-16F7-4668-BE54-9A1E7A4F7556}") = "客户端响应缓存", "客户端响应缓存\客户端响应缓存.csproj", "{B7F7BA8F-7CB5-4AF1-BECF-E48CDCCC4898}"
EndProject
Project("{9A19103F-16F7-4668-BE54-9A1E7A4F7556}") = "服务器端响应缓存", "服务器端响应缓存\服务器端响应缓存.csproj", "{53D79803-B57E-4151-AD9C-57649F93DA26}"
EndProject
Project("{9A19103F-16F7-4668-BE54-9A1E7A4F7556}") = "内存缓存", "内存缓存\内存缓存.csproj", "{06A7FAF8-F409-4FA6-9F59-7988008FEA3B}"
EndProject
Project("{9A19103F-16F7-4668-BE54-9A1E7A4F7556}") = "分布式缓存", "分布式缓存\分布式缓存.csproj", "{7B126E93-CE90-4302-9729-5900492D6F43}"
EndProject
Project("{9A19103F-16F7-4668-BE54-9A1E7A4F7556}") = "配置系统集成", "配置系统集成\配置系统集成.csproj", "{F692B7C3-43E8-46E9-A538-D7F1C65F4FC6}"
EndProject
Project("{2150E333-8FDC-42A3-9474-1A3956D46DE8}") = "分层项目中EFCore", "分层项目中EFCore", "{7A0D5399-B740-41FB-83EA-5F35BE70242E}"
EndProject
Project("{9A19103F-16F7-4668-BE54-9A1E7A4F7556}") = "EFCore测试用WebAPI项目", "EFCore测试用WebAPI项目\EFCore测试用WebAPI项目.csproj", "{2B2D88F2-64EF-4FB6-8B85-0A95B6F30D09}"
EndProject
Project("{9A19103F-16F7-4668-BE54-9A1E7A4F7556}") = "CarEFCore", "CarEFCore\CarEFCore.csproj", "{C7EA2382-A36F-44C4-A8A5-8CE6B799A728}"
EndProject
Project("{9A19103F-16F7-4668-BE54-9A1E7A4F7556}") = "BookEFCore", "BookEFCore\BookEFCore.csproj", "{2D2B47AC-BEEB-48F8-A034-9B8164DF7BFB}"
EndProject
Project("{2150E333-8FDC-42A3-9474-1A3956D46DE8}") = "筛选器", "筛选器", "{ACCB7C37-D961-4017-A408-AEA9F2022634}"
EndProject
Project("{FAE04EC0-301F-11D3-BF4B-00C04F79EFBC}") = "异常筛选器", "异常筛选器\异常筛选器.csproj", "{784F3A4C-1466-41AB-8652-B24F10C7F4D6}"
EndProject
Project("{FAE04EC0-301F-11D3-BF4B-00C04F79EFBC}") = "TestService", "TestService\TestService.csproj", "{F46520ED-2454-4ADB-A55B-0DC8874D2A46}"
EndProject
Project("{FAE04EC0-301F-11D3-BF4B-00C04F79EFBC}") = "动作筛选器", "动作筛选器\动作筛选器.csproj", "{BFFB49F8-D8DD-49F4-B8F2-96C461E2F89E}"
EndProject
Project("{FAE04EC0-301F-11D3-BF4B-00C04F79EFBC}") = "自动启用事务的筛选器", "自动启用事务的筛选器\自动启用事务的筛选器.csproj", "{280B4DCF-017A-4AA4-B095-433CD6B9CCB2}"
EndProject
Project("{FAE04EC0-301F-11D3-BF4B-00C04F79EFBC}") = "请求限流器", "请求限流器\请求限流器.csproj", "{A7C49EA1-6A92-423D-A07A-B9499EB979EF}"
EndProject
Project("{2150E333-8FDC-42A3-9474-1A3956D46DE8}") = "中间件", "中间件", "{176F4363-55C7-4F5B-991F-94743B845137}"
EndProject
Project("{FAE04EC0-301F-11D3-BF4B-00C04F79EFBC}") = "中间件入门案例", "中间件入门案例\中间件入门案例.csproj", "{DC5BA12A-03DF-426A-9FFC-EB74F38BCE22}"
EndProject
Global
	GlobalSection(SolutionConfigurationPlatforms) = preSolution
		Debug|Any CPU = Debug|Any CPU
		Release|Any CPU = Release|Any CPU
	EndGlobalSection
	GlobalSection(ProjectConfigurationPlatforms) = postSolution
		{33C79633-3F47-4525-AB6A-E471E1B3462D}.Debug|Any CPU.ActiveCfg = Debug|Any CPU
		{33C79633-3F47-4525-AB6A-E471E1B3462D}.Debug|Any CPU.Build.0 = Debug|Any CPU
		{33C79633-3F47-4525-AB6A-E471E1B3462D}.Release|Any CPU.ActiveCfg = Release|Any CPU
		{33C79633-3F47-4525-AB6A-E471E1B3462D}.Release|Any CPU.Build.0 = Release|Any CPU
		{2CEC9049-97F2-4090-B36F-74070CEDB8C2}.Debug|Any CPU.ActiveCfg = Debug|Any CPU
		{2CEC9049-97F2-4090-B36F-74070CEDB8C2}.Debug|Any CPU.Build.0 = Debug|Any CPU
		{2CEC9049-97F2-4090-B36F-74070CEDB8C2}.Release|Any CPU.ActiveCfg = Release|Any CPU
		{2CEC9049-97F2-4090-B36F-74070CEDB8C2}.Release|Any CPU.Build.0 = Release|Any CPU
		{DBE314A9-2459-4EAB-AF38-1D626B8BDF50}.Debug|Any CPU.ActiveCfg = Debug|Any CPU
		{DBE314A9-2459-4EAB-AF38-1D626B8BDF50}.Debug|Any CPU.Build.0 = Debug|Any CPU
		{DBE314A9-2459-4EAB-AF38-1D626B8BDF50}.Release|Any CPU.ActiveCfg = Release|Any CPU
		{DBE314A9-2459-4EAB-AF38-1D626B8BDF50}.Release|Any CPU.Build.0 = Release|Any CPU
		{B7F7BA8F-7CB5-4AF1-BECF-E48CDCCC4898}.Debug|Any CPU.ActiveCfg = Debug|Any CPU
		{B7F7BA8F-7CB5-4AF1-BECF-E48CDCCC4898}.Debug|Any CPU.Build.0 = Debug|Any CPU
		{B7F7BA8F-7CB5-4AF1-BECF-E48CDCCC4898}.Release|Any CPU.ActiveCfg = Release|Any CPU
		{B7F7BA8F-7CB5-4AF1-BECF-E48CDCCC4898}.Release|Any CPU.Build.0 = Release|Any CPU
		{53D79803-B57E-4151-AD9C-57649F93DA26}.Debug|Any CPU.ActiveCfg = Debug|Any CPU
		{53D79803-B57E-4151-AD9C-57649F93DA26}.Debug|Any CPU.Build.0 = Debug|Any CPU
		{53D79803-B57E-4151-AD9C-57649F93DA26}.Release|Any CPU.ActiveCfg = Release|Any CPU
		{53D79803-B57E-4151-AD9C-57649F93DA26}.Release|Any CPU.Build.0 = Release|Any CPU
		{06A7FAF8-F409-4FA6-9F59-7988008FEA3B}.Debug|Any CPU.ActiveCfg = Debug|Any CPU
		{06A7FAF8-F409-4FA6-9F59-7988008FEA3B}.Debug|Any CPU.Build.0 = Debug|Any CPU
		{06A7FAF8-F409-4FA6-9F59-7988008FEA3B}.Release|Any CPU.ActiveCfg = Release|Any CPU
		{06A7FAF8-F409-4FA6-9F59-7988008FEA3B}.Release|Any CPU.Build.0 = Release|Any CPU
		{7B126E93-CE90-4302-9729-5900492D6F43}.Debug|Any CPU.ActiveCfg = Debug|Any CPU
		{7B126E93-CE90-4302-9729-5900492D6F43}.Debug|Any CPU.Build.0 = Debug|Any CPU
		{7B126E93-CE90-4302-9729-5900492D6F43}.Release|Any CPU.ActiveCfg = Release|Any CPU
		{7B126E93-CE90-4302-9729-5900492D6F43}.Release|Any CPU.Build.0 = Release|Any CPU
		{F692B7C3-43E8-46E9-A538-D7F1C65F4FC6}.Debug|Any CPU.ActiveCfg = Debug|Any CPU
		{F692B7C3-43E8-46E9-A538-D7F1C65F4FC6}.Debug|Any CPU.Build.0 = Debug|Any CPU
		{F692B7C3-43E8-46E9-A538-D7F1C65F4FC6}.Release|Any CPU.ActiveCfg = Release|Any CPU
		{F692B7C3-43E8-46E9-A538-D7F1C65F4FC6}.Release|Any CPU.Build.0 = Release|Any CPU
		{2B2D88F2-64EF-4FB6-8B85-0A95B6F30D09}.Debug|Any CPU.ActiveCfg = Debug|Any CPU
		{2B2D88F2-64EF-4FB6-8B85-0A95B6F30D09}.Debug|Any CPU.Build.0 = Debug|Any CPU
		{2B2D88F2-64EF-4FB6-8B85-0A95B6F30D09}.Release|Any CPU.ActiveCfg = Release|Any CPU
		{2B2D88F2-64EF-4FB6-8B85-0A95B6F30D09}.Release|Any CPU.Build.0 = Release|Any CPU
		{C7EA2382-A36F-44C4-A8A5-8CE6B799A728}.Debug|Any CPU.ActiveCfg = Debug|Any CPU
		{C7EA2382-A36F-44C4-A8A5-8CE6B799A728}.Debug|Any CPU.Build.0 = Debug|Any CPU
		{C7EA2382-A36F-44C4-A8A5-8CE6B799A728}.Release|Any CPU.ActiveCfg = Release|Any CPU
		{C7EA2382-A36F-44C4-A8A5-8CE6B799A728}.Release|Any CPU.Build.0 = Release|Any CPU
		{2D2B47AC-BEEB-48F8-A034-9B8164DF7BFB}.Debug|Any CPU.ActiveCfg = Debug|Any CPU
		{2D2B47AC-BEEB-48F8-A034-9B8164DF7BFB}.Debug|Any CPU.Build.0 = Debug|Any CPU
		{2D2B47AC-BEEB-48F8-A034-9B8164DF7BFB}.Release|Any CPU.ActiveCfg = Release|Any CPU
		{2D2B47AC-BEEB-48F8-A034-9B8164DF7BFB}.Release|Any CPU.Build.0 = Release|Any CPU
		{784F3A4C-1466-41AB-8652-B24F10C7F4D6}.Debug|Any CPU.ActiveCfg = Debug|Any CPU
		{784F3A4C-1466-41AB-8652-B24F10C7F4D6}.Debug|Any CPU.Build.0 = Debug|Any CPU
		{784F3A4C-1466-41AB-8652-B24F10C7F4D6}.Release|Any CPU.ActiveCfg = Release|Any CPU
		{784F3A4C-1466-41AB-8652-B24F10C7F4D6}.Release|Any CPU.Build.0 = Release|Any CPU
		{F46520ED-2454-4ADB-A55B-0DC8874D2A46}.Debug|Any CPU.ActiveCfg = Debug|Any CPU
		{F46520ED-2454-4ADB-A55B-0DC8874D2A46}.Debug|Any CPU.Build.0 = Debug|Any CPU
		{F46520ED-2454-4ADB-A55B-0DC8874D2A46}.Release|Any CPU.ActiveCfg = Release|Any CPU
		{F46520ED-2454-4ADB-A55B-0DC8874D2A46}.Release|Any CPU.Build.0 = Release|Any CPU
		{BFFB49F8-D8DD-49F4-B8F2-96C461E2F89E}.Debug|Any CPU.ActiveCfg = Debug|Any CPU
		{BFFB49F8-D8DD-49F4-B8F2-96C461E2F89E}.Debug|Any CPU.Build.0 = Debug|Any CPU
		{BFFB49F8-D8DD-49F4-B8F2-96C461E2F89E}.Release|Any CPU.ActiveCfg = Release|Any CPU
		{BFFB49F8-D8DD-49F4-B8F2-96C461E2F89E}.Release|Any CPU.Build.0 = Release|Any CPU
		{280B4DCF-017A-4AA4-B095-433CD6B9CCB2}.Debug|Any CPU.ActiveCfg = Debug|Any CPU
		{280B4DCF-017A-4AA4-B095-433CD6B9CCB2}.Debug|Any CPU.Build.0 = Debug|Any CPU
		{280B4DCF-017A-4AA4-B095-433CD6B9CCB2}.Release|Any CPU.ActiveCfg = Release|Any CPU
		{280B4DCF-017A-4AA4-B095-433CD6B9CCB2}.Release|Any CPU.Build.0 = Release|Any CPU
		{A7C49EA1-6A92-423D-A07A-B9499EB979EF}.Debug|Any CPU.ActiveCfg = Debug|Any CPU
		{A7C49EA1-6A92-423D-A07A-B9499EB979EF}.Debug|Any CPU.Build.0 = Debug|Any CPU
		{A7C49EA1-6A92-423D-A07A-B9499EB979EF}.Release|Any CPU.ActiveCfg = Release|Any CPU
		{A7C49EA1-6A92-423D-A07A-B9499EB979EF}.Release|Any CPU.Build.0 = Release|Any CPU
		{DC5BA12A-03DF-426A-9FFC-EB74F38BCE22}.Debug|Any CPU.ActiveCfg = Debug|Any CPU
		{DC5BA12A-03DF-426A-9FFC-EB74F38BCE22}.Debug|Any CPU.Build.0 = Debug|Any CPU
		{DC5BA12A-03DF-426A-9FFC-EB74F38BCE22}.Release|Any CPU.ActiveCfg = Release|Any CPU
		{DC5BA12A-03DF-426A-9FFC-EB74F38BCE22}.Release|Any CPU.Build.0 = Release|Any CPU
	EndGlobalSection
	GlobalSection(SolutionProperties) = preSolution
		HideSolutionNode = FALSE
	EndGlobalSection
	GlobalSection(NestedProjects) = preSolution
		{33C79633-3F47-4525-AB6A-E471E1B3462D} = {E9C808C1-918D-4298-8789-FA337EA6ACF7}
		{2CEC9049-97F2-4090-B36F-74070CEDB8C2} = {E9C808C1-918D-4298-8789-FA337EA6ACF7}
		{DBE314A9-2459-4EAB-AF38-1D626B8BDF50} = {E9C808C1-918D-4298-8789-FA337EA6ACF7}
		{B7F7BA8F-7CB5-4AF1-BECF-E48CDCCC4898} = {24F328E1-2458-4B3B-8560-F17CEB42E754}
		{53D79803-B57E-4151-AD9C-57649F93DA26} = {24F328E1-2458-4B3B-8560-F17CEB42E754}
		{06A7FAF8-F409-4FA6-9F59-7988008FEA3B} = {24F328E1-2458-4B3B-8560-F17CEB42E754}
		{7B126E93-CE90-4302-9729-5900492D6F43} = {24F328E1-2458-4B3B-8560-F17CEB42E754}
		{2B2D88F2-64EF-4FB6-8B85-0A95B6F30D09} = {7A0D5399-B740-41FB-83EA-5F35BE70242E}
		{C7EA2382-A36F-44C4-A8A5-8CE6B799A728} = {7A0D5399-B740-41FB-83EA-5F35BE70242E}
		{2D2B47AC-BEEB-48F8-A034-9B8164DF7BFB} = {7A0D5399-B740-41FB-83EA-5F35BE70242E}
		{784F3A4C-1466-41AB-8652-B24F10C7F4D6} = {ACCB7C37-D961-4017-A408-AEA9F2022634}
		{F46520ED-2454-4ADB-A55B-0DC8874D2A46} = {ACCB7C37-D961-4017-A408-AEA9F2022634}
		{BFFB49F8-D8DD-49F4-B8F2-96C461E2F89E} = {ACCB7C37-D961-4017-A408-AEA9F2022634}
		{280B4DCF-017A-4AA4-B095-433CD6B9CCB2} = {ACCB7C37-D961-4017-A408-AEA9F2022634}
		{A7C49EA1-6A92-423D-A07A-B9499EB979EF} = {ACCB7C37-D961-4017-A408-AEA9F2022634}
		{DC5BA12A-03DF-426A-9FFC-EB74F38BCE22} = {176F4363-55C7-4F5B-991F-94743B845137}
	EndGlobalSection
	GlobalSection(ExtensibilityGlobals) = postSolution
		SolutionGuid = {409665FA-5E73-4CD2-B78D-097F576C716B}
	EndGlobalSection
EndGlobal
